// !$*UTF8*$!
{
	archiveVersion = 1;
	classes = {
	};
	objectVersion = 50;
	objects = {

/* Begin PBXBuildFile section */
		044DE45F2838A8340092E3C1 /* Constants.swift in Sources */ = {isa = PBXBuildFile; fileRef = 044DE45E2838A8340092E3C1 /* Constants.swift */; };
		045F750827E7D6E3006EEF24 /* AppDelegate.swift in Sources */ = {isa = PBXBuildFile; fileRef = 045F750727E7D6E3006EEF24 /* AppDelegate.swift */; };
		045F750A27E7D6E3006EEF24 /* SceneDelegate.swift in Sources */ = {isa = PBXBuildFile; fileRef = 045F750927E7D6E3006EEF24 /* SceneDelegate.swift */; };
		045F750C27E7D6E3006EEF24 /* NewsVC.swift in Sources */ = {isa = PBXBuildFile; fileRef = 045F750B27E7D6E3006EEF24 /* NewsVC.swift */; };
		045F751127E7D6E5006EEF24 /* Assets.xcassets in Resources */ = {isa = PBXBuildFile; fileRef = 045F751027E7D6E5006EEF24 /* Assets.xcassets */; };
		045F751427E7D6E5006EEF24 /* LaunchScreen.storyboard in Resources */ = {isa = PBXBuildFile; fileRef = 045F751227E7D6E5006EEF24 /* LaunchScreen.storyboard */; };
		045F751D27E7DDF6006EEF24 /* APIKey.swift in Sources */ = {isa = PBXBuildFile; fileRef = 045F751C27E7DDF6006EEF24 /* APIKey.swift */; };
		045F752027E7DF98006EEF24 /* News.swift in Sources */ = {isa = PBXBuildFile; fileRef = 045F751F27E7DF98006EEF24 /* News.swift */; };
		045F752327E7E174006EEF24 /* APIMnager.swift in Sources */ = {isa = PBXBuildFile; fileRef = 045F752227E7E174006EEF24 /* APIMnager.swift */; };
		045F752627E80944006EEF24 /* NewsViewModel.swift in Sources */ = {isa = PBXBuildFile; fileRef = 045F752527E80944006EEF24 /* NewsViewModel.swift */; };
		045F752827E813A8006EEF24 /* NewsListViewModel.swift in Sources */ = {isa = PBXBuildFile; fileRef = 045F752727E813A8006EEF24 /* NewsListViewModel.swift */; };
		045F752E27E81C0B006EEF24 /* TitleView.swift in Sources */ = {isa = PBXBuildFile; fileRef = 045F752D27E81C0B006EEF24 /* TitleView.swift */; };
		045F753027E83B9F006EEF24 /* ShadowImageView.swift in Sources */ = {isa = PBXBuildFile; fileRef = 045F752F27E83B9F006EEF24 /* ShadowImageView.swift */; };
		045F753227E846D2006EEF24 /* NewsTableViewCell.swift in Sources */ = {isa = PBXBuildFile; fileRef = 045F753127E846D2006EEF24 /* NewsTableViewCell.swift */; };
/* End PBXBuildFile section */

/* Begin PBXFileReference section */
		044DE45E2838A8340092E3C1 /* Constants.swift */ = {isa = PBXFileReference; lastKnownFileType = sourcecode.swift; path = Constants.swift; sourceTree = "<group>"; };
		045F750427E7D6E3006EEF24 /* News Hub.app */ = {isa = PBXFileReference; explicitFileType = wrapper.application; includeInIndex = 0; path = "News Hub.app"; sourceTree = BUILT_PRODUCTS_DIR; };
		045F750727E7D6E3006EEF24 /* AppDelegate.swift */ = {isa = PBXFileReference; lastKnownFileType = sourcecode.swift; path = AppDelegate.swift; sourceTree = "<group>"; };
		045F750927E7D6E3006EEF24 /* SceneDelegate.swift */ = {isa = PBXFileReference; lastKnownFileType = sourcecode.swift; path = SceneDelegate.swift; sourceTree = "<group>"; };
		045F750B27E7D6E3006EEF24 /* NewsVC.swift */ = {isa = PBXFileReference; lastKnownFileType = sourcecode.swift; path = NewsVC.swift; sourceTree = "<group>"; };
		045F751027E7D6E5006EEF24 /* Assets.xcassets */ = {isa = PBXFileReference; lastKnownFileType = folder.assetcatalog; path = Assets.xcassets; sourceTree = "<group>"; };
		045F751327E7D6E5006EEF24 /* Base */ = {isa = PBXFileReference; lastKnownFileType = file.storyboard; name = Base; path = Base.lproj/LaunchScreen.storyboard; sourceTree = "<group>"; };
		045F751527E7D6E5006EEF24 /* Info.plist */ = {isa = PBXFileReference; lastKnownFileType = text.plist.xml; path = Info.plist; sourceTree = "<group>"; };
		045F751C27E7DDF6006EEF24 /* APIKey.swift */ = {isa = PBXFileReference; lastKnownFileType = sourcecode.swift; path = APIKey.swift; sourceTree = "<group>"; };
		045F751F27E7DF98006EEF24 /* News.swift */ = {isa = PBXFileReference; lastKnownFileType = sourcecode.swift; path = News.swift; sourceTree = "<group>"; };
		045F752227E7E174006EEF24 /* APIMnager.swift */ = {isa = PBXFileReference; lastKnownFileType = sourcecode.swift; path = APIMnager.swift; sourceTree = "<group>"; };
		045F752527E80944006EEF24 /* NewsViewModel.swift */ = {isa = PBXFileReference; lastKnownFileType = sourcecode.swift; path = NewsViewModel.swift; sourceTree = "<group>"; };
		045F752727E813A8006EEF24 /* NewsListViewModel.swift */ = {isa = PBXFileReference; lastKnownFileType = sourcecode.swift; path = NewsListViewModel.swift; sourceTree = "<group>"; };
		045F752D27E81C0B006EEF24 /* TitleView.swift */ = {isa = PBXFileReference; lastKnownFileType = sourcecode.swift; path = TitleView.swift; sourceTree = "<group>"; };
		045F752F27E83B9F006EEF24 /* ShadowImageView.swift */ = {isa = PBXFileReference; lastKnownFileType = sourcecode.swift; path = ShadowImageView.swift; sourceTree = "<group>"; };
		045F753127E846D2006EEF24 /* NewsTableViewCell.swift */ = {isa = PBXFileReference; lastKnownFileType = sourcecode.swift; path = NewsTableViewCell.swift; sourceTree = "<group>"; };
/* End PBXFileReference section */

/* Begin PBXFrameworksBuildPhase section */
		045F750127E7D6E3006EEF24 /* Frameworks */ = {
			isa = PBXFrameworksBuildPhase;
			buildActionMask = 2147483647;
			files = (
			);
			runOnlyForDeploymentPostprocessing = 0;
		};
/* End PBXFrameworksBuildPhase section */

/* Begin PBXGroup section */
		045071042838A52600B698B3 /* Support */ = {
			isa = PBXGroup;
			children = (
				045F750727E7D6E3006EEF24 /* AppDelegate.swift */,
				045F750927E7D6E3006EEF24 /* SceneDelegate.swift */,
			);
			path = Support;
			sourceTree = "<group>";
		};
		045071052838A59F00B698B3 /* Utilities */ = {
			isa = PBXGroup;
			children = (
				044DE45E2838A8340092E3C1 /* Constants.swift */,
			);
			path = Utilities;
			sourceTree = "<group>";
		};
		045F74FB27E7D6E3006EEF24 = {
			isa = PBXGroup;
			children = (
				045F750627E7D6E3006EEF24 /* News Hub */,
				045F750527E7D6E3006EEF24 /* Products */,
			);
			sourceTree = "<group>";
		};
		045F750527E7D6E3006EEF24 /* Products */ = {
			isa = PBXGroup;
			children = (
				045F750427E7D6E3006EEF24 /* News Hub.app */,
			);
			name = Products;
			sourceTree = "<group>";
		};
		045F750627E7D6E3006EEF24 /* News Hub */ = {
			isa = PBXGroup;
			children = (
				045071042838A52600B698B3 /* Support */,
				045F751E27E7DF82006EEF24 /* Model */,
				045F752927E81B66006EEF24 /* View */,
				045F752427E808F5006EEF24 /* ViewModel */,
				045F751B27E7DDD5006EEF24 /* Controller */,
				045F752127E7E158006EEF24 /* Networking Manager */,
				045071052838A59F00B698B3 /* Utilities */,
				045F752A27E81BA7006EEF24 /* Resources */,
				045F751527E7D6E5006EEF24 /* Info.plist */,
			);
			path = "News Hub";
			sourceTree = "<group>";
		};
		045F751B27E7DDD5006EEF24 /* Controller */ = {
			isa = PBXGroup;
			children = (
				045F750B27E7D6E3006EEF24 /* NewsVC.swift */,
			);
			path = Controller;
			sourceTree = "<group>";
		};
		045F751E27E7DF82006EEF24 /* Model */ = {
			isa = PBXGroup;
			children = (
				045F751F27E7DF98006EEF24 /* News.swift */,
			);
			path = Model;
			sourceTree = "<group>";
		};
		045F752127E7E158006EEF24 /* Networking Manager */ = {
			isa = PBXGroup;
			children = (
				045F752227E7E174006EEF24 /* APIMnager.swift */,
				045F751C27E7DDF6006EEF24 /* APIKey.swift */,
			);
			path = "Networking Manager";
			sourceTree = "<group>";
		};
		045F752427E808F5006EEF24 /* ViewModel */ = {
			isa = PBXGroup;
			children = (
				045F752527E80944006EEF24 /* NewsViewModel.swift */,
				045F752727E813A8006EEF24 /* NewsListViewModel.swift */,
			);
			path = ViewModel;
			sourceTree = "<group>";
		};
		045F752927E81B66006EEF24 /* View */ = {
			isa = PBXGroup;
			children = (
				045F752D27E81C0B006EEF24 /* TitleView.swift */,
				045F752F27E83B9F006EEF24 /* ShadowImageView.swift */,
				045F753127E846D2006EEF24 /* NewsTableViewCell.swift */,
			);
			path = View;
			sourceTree = "<group>";
		};
		045F752A27E81BA7006EEF24 /* Resources */ = {
			isa = PBXGroup;
			children = (
				045F752B27E81BC5006EEF24 /* Assets */,
				045F752C27E81BD7006EEF24 /* StoryBoards */,
			);
			path = Resources;
			sourceTree = "<group>";
		};
		045F752B27E81BC5006EEF24 /* Assets */ = {
			isa = PBXGroup;
			children = (
				045F751027E7D6E5006EEF24 /* Assets.xcassets */,
			);
			path = Assets;
			sourceTree = "<group>";
		};
		045F752C27E81BD7006EEF24 /* StoryBoards */ = {
			isa = PBXGroup;
			children = (
				045F751227E7D6E5006EEF24 /* LaunchScreen.storyboard */,
			);
			path = StoryBoards;
			sourceTree = "<group>";
		};
/* End PBXGroup section */

/* Begin PBXNativeTarget section */
		045F750327E7D6E3006EEF24 /* News Hub */ = {
			isa = PBXNativeTarget;
			buildConfigurationList = 045F751827E7D6E5006EEF24 /* Build configuration list for PBXNativeTarget "News Hub" */;
			buildPhases = (
				045F750027E7D6E3006EEF24 /* Sources */,
				045F750127E7D6E3006EEF24 /* Frameworks */,
				045F750227E7D6E3006EEF24 /* Resources */,
			);
			buildRules = (
			);
			dependencies = (
			);
			name = "News Hub";
			productName = "News Hub";
			productReference = 045F750427E7D6E3006EEF24 /* News Hub.app */;
			productType = "com.apple.product-type.application";
		};
/* End PBXNativeTarget section */

/* Begin PBXProject section */
		045F74FC27E7D6E3006EEF24 /* Project object */ = {
			isa = PBXProject;
			attributes = {
				LastSwiftUpdateCheck = 1160;
				LastUpgradeCheck = 1160;
				ORGANIZATIONNAME = ramy;
				TargetAttributes = {
					045F750327E7D6E3006EEF24 = {
						CreatedOnToolsVersion = 11.6;
					};
				};
			};
			buildConfigurationList = 045F74FF27E7D6E3006EEF24 /* Build configuration list for PBXProject "News Hub" */;
			compatibilityVersion = "Xcode 9.3";
			developmentRegion = en;
			hasScannedForEncodings = 0;
			knownRegions = (
				en,
				Base,
			);
			mainGroup = 045F74FB27E7D6E3006EEF24;
			productRefGroup = 045F750527E7D6E3006EEF24 /* Products */;
			projectDirPath = "";
			projectRoot = "";
			targets = (
				045F750327E7D6E3006EEF24 /* News Hub */,
			);
		};
/* End PBXProject section */

/* Begin PBXResourcesBuildPhase section */
		045F750227E7D6E3006EEF24 /* Resources */ = {
			isa = PBXResourcesBuildPhase;
			buildActionMask = 2147483647;
			files = (
				045F751427E7D6E5006EEF24 /* LaunchScreen.storyboard in Resources */,
				045F751127E7D6E5006EEF24 /* Assets.xcassets in Resources */,
			);
			runOnlyForDeploymentPostprocessing = 0;
		};
/* End PBXResourcesBuildPhase section */

/* Begin PBXSourcesBuildPhase section */
		045F750027E7D6E3006EEF24 /* Sources */ = {
			isa = PBXSourcesBuildPhase;
			buildActionMask = 2147483647;
			files = (
				045F753027E83B9F006EEF24 /* ShadowImageView.swift in Sources */,
				045F753227E846D2006EEF24 /* NewsTableViewCell.swift in Sources */,
				045F752327E7E174006EEF24 /* APIMnager.swift in Sources */,
				045F750C27E7D6E3006EEF24 /* NewsVC.swift in Sources */,
				045F750827E7D6E3006EEF24 /* AppDelegate.swift in Sources */,
				045F751D27E7DDF6006EEF24 /* APIKey.swift in Sources */,
				045F752627E80944006EEF24 /* NewsViewModel.swift in Sources */,
				045F752E27E81C0B006EEF24 /* TitleView.swift in Sources */,
				045F752027E7DF98006EEF24 /* News.swift in Sources */,
				045F750A27E7D6E3006EEF24 /* SceneDelegate.swift in Sources */,
				045F752827E813A8006EEF24 /* NewsListViewModel.swift in Sources */,
				044DE45F2838A8340092E3C1 /* Constants.swift in Sources */,
			);
			runOnlyForDeploymentPostprocessing = 0;
		};
/* End PBXSourcesBuildPhase section */

/* Begin PBXVariantGroup section */
		045F751227E7D6E5006EEF24 /* LaunchScreen.storyboard */ = {
			isa = PBXVariantGroup;
			children = (
				045F751327E7D6E5006EEF24 /* Base */,
			);
			name = LaunchScreen.storyboard;
			sourceTree = "<group>";
		};
/* End PBXVariantGroup section */

/* Begin XCBuildConfiguration section */
		045F751627E7D6E5006EEF24 /* Debug */ = {
			isa = XCBuildConfiguration;
			buildSettings = {
				ALWAYS_SEARCH_USER_PATHS = NO;
				CLANG_ANALYZER_NONNULL = YES;
				CLANG_ANALYZER_NUMBER_OBJECT_CONVERSION = YES_AGGRESSIVE;
				CLANG_CXX_LANGUAGE_STANDARD = "gnu++14";
				CLANG_CXX_LIBRARY = "libc++";
				CLANG_ENABLE_MODULES = YES;
				CLANG_ENABLE_OBJC_ARC = YES;
				CLANG_ENABLE_OBJC_WEAK = YES;
				CLANG_WARN_BLOCK_CAPTURE_AUTORELEASING = YES;
				CLANG_WARN_BOOL_CONVERSION = YES;
				CLANG_WARN_COMMA = YES;
				CLANG_WARN_CONSTANT_CONVERSION = YES;
				CLANG_WARN_DEPRECATED_OBJC_IMPLEMENTATIONS = YES;
				CLANG_WARN_DIRECT_OBJC_ISA_USAGE = YES_ERROR;
				CLANG_WARN_DOCUMENTATION_COMMENTS = YES;
				CLANG_WARN_EMPTY_BODY = YES;
				CLANG_WARN_ENUM_CONVERSION = YES;
				CLANG_WARN_INFINITE_RECURSION = YES;
				CLANG_WARN_INT_CONVERSION = YES;
				CLANG_WARN_NON_LITERAL_NULL_CONVERSION = YES;
				CLANG_WARN_OBJC_IMPLICIT_RETAIN_SELF = YES;
				CLANG_WARN_OBJC_LITERAL_CONVERSION = YES;
				CLANG_WARN_OBJC_ROOT_CLASS = YES_ERROR;
				CLANG_WARN_RANGE_LOOP_ANALYSIS = YES;
				CLANG_WARN_STRICT_PROTOTYPES = YES;
				CLANG_WARN_SUSPICIOUS_MOVE = YES;
				CLANG_WARN_UNGUARDED_AVAILABILITY = YES_AGGRESSIVE;
				CLANG_WARN_UNREACHABLE_CODE = YES;
				CLANG_WARN__DUPLICATE_METHOD_MATCH = YES;
				COPY_PHASE_STRIP = NO;
				DEBUG_INFORMATION_FORMAT = dwarf;
				ENABLE_STRICT_OBJC_MSGSEND = YES;
				ENABLE_TESTABILITY = YES;
				GCC_C_LANGUAGE_STANDARD = gnu11;
				GCC_DYNAMIC_NO_PIC = NO;
				GCC_NO_COMMON_BLOCKS = YES;
				GCC_OPTIMIZATION_LEVEL = 0;
				GCC_PREPROCESSOR_DEFINITIONS = (
					"DEBUG=1",
					"$(inherited)",
				);
				GCC_WARN_64_TO_32_BIT_CONVERSION = YES;
				GCC_WARN_ABOUT_RETURN_TYPE = YES_ERROR;
				GCC_WARN_UNDECLARED_SELECTOR = YES;
				GCC_WARN_UNINITIALIZED_AUTOS = YES_AGGRESSIVE;
				GCC_WARN_UNUSED_FUNCTION = YES;
				GCC_WARN_UNUSED_VARIABLE = YES;
				IPHONEOS_DEPLOYMENT_TARGET = 13.6;
				MTL_ENABLE_DEBUG_INFO = INCLUDE_SOURCE;
				MTL_FAST_MATH = YES;
				ONLY_ACTIVE_ARCH = YES;
				SDKROOT = iphoneos;
				SWIFT_ACTIVE_COMPILATION_CONDITIONS = DEBUG;
				SWIFT_OPTIMIZATION_LEVEL = "-Onone";
			};
			name = Debug;
		};
		045F751727E7D6E5006EEF24 /* Release */ = {
			isa = XCBuildConfiguration;
			buildSettings = {
				ALWAYS_SEARCH_USER_PATHS = NO;
				CLANG_ANALYZER_NONNULL = YES;
				CLANG_ANALYZER_NUMBER_OBJECT_CONVERSION = YES_AGGRESSIVE;
				CLANG_CXX_LANGUAGE_STANDARD = "gnu++14";
				CLANG_CXX_LIBRARY = "libc++";
				CLANG_ENABLE_MODULES = YES;
				CLANG_ENABLE_OBJC_ARC = YES;
				CLANG_ENABLE_OBJC_WEAK = YES;
				CLANG_WARN_BLOCK_CAPTURE_AUTORELEASING = YES;
				CLANG_WARN_BOOL_CONVERSION = YES;
				CLANG_WARN_COMMA = YES;
				CLANG_WARN_CONSTANT_CONVERSION = YES;
				CLANG_WARN_DEPRECATED_OBJC_IMPLEMENTATIONS = YES;
				CLANG_WARN_DIRECT_OBJC_ISA_USAGE = YES_ERROR;
				CLANG_WARN_DOCUMENTATION_COMMENTS = YES;
				CLANG_WARN_EMPTY_BODY = YES;
				CLANG_WARN_ENUM_CONVERSION = YES;
				CLANG_WARN_INFINITE_RECURSION = YES;
				CLANG_WARN_INT_CONVERSION = YES;
				CLANG_WARN_NON_LITERAL_NULL_CONVERSION = YES;
				CLANG_WARN_OBJC_IMPLICIT_RETAIN_SELF = YES;
				CLANG_WARN_OBJC_LITERAL_CONVERSION = YES;
				CLANG_WARN_OBJC_ROOT_CLASS = YES_ERROR;
				CLANG_WARN_RANGE_LOOP_ANALYSIS = YES;
				CLANG_WARN_STRICT_PROTOTYPES = YES;
				CLANG_WARN_SUSPICIOUS_MOVE = YES;
				CLANG_WARN_UNGUARDED_AVAILABILITY = YES_AGGRESSIVE;
				CLANG_WARN_UNREACHABLE_CODE = YES;
				CLANG_WARN__DUPLICATE_METHOD_MATCH = YES;
				COPY_PHASE_STRIP = NO;
				DEBUG_INFORMATION_FORMAT = "dwarf-with-dsym";
				ENABLE_NS_ASSERTIONS = NO;
				ENABLE_STRICT_OBJC_MSGSEND = YES;
				GCC_C_LANGUAGE_STANDARD = gnu11;
				GCC_NO_COMMON_BLOCKS = YES;
				GCC_WARN_64_TO_32_BIT_CONVERSION = YES;
				GCC_WARN_ABOUT_RETURN_TYPE = YES_ERROR;
				GCC_WARN_UNDECLARED_SELECTOR = YES;
				GCC_WARN_UNINITIALIZED_AUTOS = YES_AGGRESSIVE;
				GCC_WARN_UNUSED_FUNCTION = YES;
				GCC_WARN_UNUSED_VARIABLE = YES;
				IPHONEOS_DEPLOYMENT_TARGET = 13.6;
				MTL_ENABLE_DEBUG_INFO = NO;
				MTL_FAST_MATH = YES;
				SDKROOT = iphoneos;
				SWIFT_COMPILATION_MODE = wholemodule;
				SWIFT_OPTIMIZATION_LEVEL = "-O";
				VALIDATE_PRODUCT = YES;
			};
			name = Release;
		};
		045F751927E7D6E5006EEF24 /* Debug */ = {
			isa = XCBuildConfiguration;
			buildSettings = {
				ASSETCATALOG_COMPILER_APPICON_NAME = AppIcon;
				CODE_SIGN_STYLE = Automatic;
				DEVELOPMENT_TEAM = FQKW4ZN2GA;
				INFOPLIST_FILE = "News Hub/Info.plist";
				LD_RUNPATH_SEARCH_PATHS = (
					"$(inherited)",
					"@executable_path/Frameworks",
				);
				PRODUCT_BUNDLE_IDENTIFIER = "com.ramy.News-Hub";
				PRODUCT_NAME = "$(TARGET_NAME)";
				SWIFT_VERSION = 5.0;
				TARGETED_DEVICE_FAMILY = "1,2";
			};
			name = Debug;
		};
		045F751A27E7D6E5006EEF24 /* Release */ = {
			isa = XCBuildConfiguration;
			buildSettings = {
				ASSETCATALOG_COMPILER_APPICON_NAME = AppIcon;
				CODE_SIGN_STYLE = Automatic;
				DEVELOPMENT_TEAM = FQKW4ZN2GA;
				INFOPLIST_FILE = "News Hub/Info.plist";
				LD_RUNPATH_SEARCH_PATHS = (
					"$(inherited)",
					"@executable_path/Frameworks",
				);
				PRODUCT_BUNDLE_IDENTIFIER = "com.ramy.News-Hub";
				PRODUCT_NAME = "$(TARGET_NAME)";
				SWIFT_VERSION = 5.0;
				TARGETED_DEVICE_FAMILY = "1,2";
			};
			name = Release;
		};
/* End XCBuildConfiguration section */

/* Begin XCConfigurationList section */
		045F74FF27E7D6E3006EEF24 /* Build configuration list for PBXProject "News Hub" */ = {
			isa = XCConfigurationList;
			buildConfigurations = (
				045F751627E7D6E5006EEF24 /* Debug */,
				045F751727E7D6E5006EEF24 /* Release */,
			);
			defaultConfigurationIsVisible = 0;
			defaultConfigurationName = Release;
		};
		045F751827E7D6E5006EEF24 /* Build configuration list for PBXNativeTarget "News Hub" */ = {
			isa = XCConfigurationList;
			buildConfigurations = (
				045F751927E7D6E5006EEF24 /* Debug */,
				045F751A27E7D6E5006EEF24 /* Release */,
			);
			defaultConfigurationIsVisible = 0;
			defaultConfigurationName = Release;
		};
/* End XCConfigurationList section */
	};
	rootObject = 045F74FC27E7D6E3006EEF24 /* Project object */;
}
